
Microsoft Visual Studio Solution File, Format Version 12.00
# Visual Studio 15
VisualStudioVersion = 15.0.26730.10
MinimumVisualStudioVersion = 10.0.40219.1
Project("{8BC9CEB8-8B4A-11D0-8D11-00A0C91BC942}") = "KevinTsai-RakNetEmpty", "KevinTsai-RakNetEmpty\KevinTsai-RakNetEmpty.vcxproj", "{4C477248-1D2A-46AD-AABD-F6C64B1CBCC2}"
EndProject
Global
	GlobalSection(SolutionConfigurationPlatforms) = preSolution
		Debug|x64 = Debug|x64
		Debug|x86 = Debug|x86
		Release|x64 = Release|x64
		Release|x86 = Release|x86
	EndGlobalSection
	GlobalSection(ProjectConfigurationPlatforms) = postSolution
		{4C477248-1D2A-46AD-AABD-F6C64B1CBCC2}.Debug|x64.ActiveCfg = Debug|x64
		{4C477248-1D2A-46AD-AABD-F6C64B1CBCC2}.Debug|x64.Build.0 = Debug|x64
		{4C477248-1D2A-46AD-AABD-F6C64B1CBCC2}.Debug|x86.ActiveCfg = Debug|Win32
		{4C477248-1D2A-46AD-AABD-F6C64B1CBCC2}.Debug|x86.Build.0 = Debug|Win32
		{4C477248-1D2A-46AD-AABD-F6C64B1CBCC2}.Release|x64.ActiveCfg = Release|x64
		{4C477248-1D2A-46AD-AABD-F6C64B1CBCC2}.Release|x64.Build.0 = Release|x64
		{4C477248-1D2A-46AD-AABD-F6C64B1CBCC2}.Release|x86.ActiveCfg = Release|Win32
		{4C477248-1D2A-46AD-AABD-F6C64B1CBCC2}.Release|x86.Build.0 = Release|Win32
	EndGlobalSection
	GlobalSection(SolutionProperties) = preSolution
		HideSolutionNode = FALSE
	EndGlobalSection
	GlobalSection(ExtensibilityGlobals) = postSolution
		SolutionGuid = {B7FB5B3D-EDD4-420E-9DF5-C2AE7911AA25}
	EndGlobalSection
EndGlobal
