<?xml version="1.0" encoding="utf-8"?>
<Project ToolsVersion="4.0" xmlns="http://schemas.microsoft.com/developer/msbuild/2003">
  <ItemGroup>
    <Filter Include="Client Files">
      <UniqueIdentifier>{64d2db69-fcaa-4a76-94f1-03d1afe47d2a}</UniqueIdentifier>
    </Filter>
    <Filter Include="Main">
      <UniqueIdentifier>{274938c6-33ba-433b-a4bf-b39c15823f72}</UniqueIdentifier>
    </Filter>
    <Filter Include="BZip2">
      <UniqueIdentifier>{cf6f8c85-9c93-401f-b57e-162415125c14}</UniqueIdentifier>
    </Filter>
    <Filter Include="BZip2Wrapper">
      <UniqueIdentifier>{7c4bd87d-037d-48c9-bac0-400edd23df1e}</UniqueIdentifier>
    </Filter>
  </ItemGroup>
  <ItemGroup>
    <ClCompile Include="..\..\DependentExtensions\Autopatcher\ApplyPatch.cpp">
      <Filter>Client Files</Filter>
    </ClCompile>
    <ClCompile Include="..\..\DependentExtensions\Autopatcher\AutopatcherClient.cpp">
      <Filter>Client Files</Filter>
    </ClCompile>
    <ClCompile Include="AutopatcherClientTest.cpp">
      <Filter>Main</Filter>
    </ClCompile>
    <ClCompile Include="..\..\DependentExtensions\bzip2-1.0.6\blocksort.c">
      <Filter>BZip2</Filter>
    </ClCompile>
    <ClCompile Include="..\..\DependentExtensions\bzip2-1.0.6\bzlib.c">
      <Filter>BZip2</Filter>
    </ClCompile>
    <ClCompile Include="..\..\DependentExtensions\bzip2-1.0.6\compress.c">
      <Filter>BZip2</Filter>
    </ClCompile>
    <ClCompile Include="..\..\DependentExtensions\bzip2-1.0.6\crctable.c">
      <Filter>BZip2</Filter>
    </ClCompile>
    <ClCompile Include="..\..\DependentExtensions\bzip2-1.0.6\decompress.c">
      <Filter>BZip2</Filter>
    </ClCompile>
    <ClCompile Include="..\..\DependentExtensions\bzip2-1.0.6\huffman.c">
      <Filter>BZip2</Filter>
    </ClCompile>
    <ClCompile Include="..\..\DependentExtensions\bzip2-1.0.6\randtable.c">
      <Filter>BZip2</Filter>
    </ClCompile>
    <ClCompile Include="..\..\DependentExtensions\Autopatcher\MemoryCompressor.cpp">
      <Filter>BZip2Wrapper</Filter>
    </ClCompile>
  </ItemGroup>
  <ItemGroup>
    <ClInclude Include="..\..\DependentExtensions\Autopatcher\ApplyPatch.h">
      <Filter>Client Files</Filter>
    </ClInclude>
    <ClInclude Include="..\..\DependentExtensions\Autopatcher\AutopatcherClient.h">
      <Filter>Client Files</Filter>
    </ClInclude>
    <ClInclude Include="..\..\Source\AutopatcherPatchContext.h">
      <Filter>Client Files</Filter>
    </ClInclude>
    <ClInclude Include="..\..\DependentExtensions\bzip2-1.0.6\bzlib.h">
      <Filter>BZip2</Filter>
    </ClInclude>
    <ClInclude Include="..\..\DependentExtensions\bzip2-1.0.6\bzlib_private.h">
      <Filter>BZip2</Filter>
    </ClInclude>
    <ClInclude Include="..\..\DependentExtensions\Autopatcher\MemoryCompressor.h">
      <Filter>BZip2Wrapper</Filter>
    </ClInclude>
  </ItemGroup>
  <ItemGroup>
    <Text Include="readme.txt" />
  </ItemGroup>
</Project>